
Microsoft Visual Studio Solution File, Format Version 12.00
# Visual Studio Version 16
VisualStudioVersion = 16.0.31129.286
MinimumVisualStudioVersion = 10.0.40219.1
Project("{FAE04EC0-301F-11D3-BF4B-00C04F79EFBC}") = "Refactored.Email", "Refactored.Email.csproj", "{82F65CBE-95EA-46D3-9EFE-3DCD7EE6BCDC}"
EndProject
Project("{FAE04EC0-301F-11D3-BF4B-00C04F79EFBC}") = "Examples.NetFramework", "..\Examples.NetFramework\Examples.NetFramework.csproj", "{44453EC9-A792-40E2-A146-CC228E2FBB70}"
EndProject
Project("{FAE04EC0-301F-11D3-BF4B-00C04F79EFBC}") = "Examples.NetCore", "..\Examples.NetCore\Examples.NetCore.csproj", "{80DF18FE-68CA-4BDA-900E-FF69BA8947FA}"
EndProject
Project("{FAE04EC0-301F-11D3-BF4B-00C04F79EFBC}") = "Examples.NetCore.Mvc", "..\Examples.NetCore.Mvc\Examples.NetCore.Mvc.csproj", "{C1E57018-7D12-4F9A-A42C-0C8707D2CE57}"
EndProject
Project("{FAE04EC0-301F-11D3-BF4B-00C04F79EFBC}") = "Examples.NetFramework.Mvc", "..\Examples.NetFramework.Mvc\Examples.NetFramework.Mvc.csproj", "{FFC7B2F9-1F75-4B2D-B6D5-9474EEE7FE65}"
EndProject
Global
	GlobalSection(SolutionConfigurationPlatforms) = preSolution
		Debug|Any CPU = Debug|Any CPU
		Release|Any CPU = Release|Any CPU
	EndGlobalSection
	GlobalSection(ProjectConfigurationPlatforms) = postSolution
		{82F65CBE-95EA-46D3-9EFE-3DCD7EE6BCDC}.Debug|Any CPU.ActiveCfg = Debug|Any CPU
		{82F65CBE-95EA-46D3-9EFE-3DCD7EE6BCDC}.Debug|Any CPU.Build.0 = Debug|Any CPU
		{82F65CBE-95EA-46D3-9EFE-3DCD7EE6BCDC}.Release|Any CPU.ActiveCfg = Release|Any CPU
		{82F65CBE-95EA-46D3-9EFE-3DCD7EE6BCDC}.Release|Any CPU.Build.0 = Release|Any CPU
		{44453EC9-A792-40E2-A146-CC228E2FBB70}.Debug|Any CPU.ActiveCfg = Debug|Any CPU
		{44453EC9-A792-40E2-A146-CC228E2FBB70}.Debug|Any CPU.Build.0 = Debug|Any CPU
		{44453EC9-A792-40E2-A146-CC228E2FBB70}.Release|Any CPU.ActiveCfg = Release|Any CPU
		{44453EC9-A792-40E2-A146-CC228E2FBB70}.Release|Any CPU.Build.0 = Release|Any CPU
		{80DF18FE-68CA-4BDA-900E-FF69BA8947FA}.Debug|Any CPU.ActiveCfg = Debug|Any CPU
		{80DF18FE-68CA-4BDA-900E-FF69BA8947FA}.Debug|Any CPU.Build.0 = Debug|Any CPU
		{80DF18FE-68CA-4BDA-900E-FF69BA8947FA}.Release|Any CPU.ActiveCfg = Release|Any CPU
		{80DF18FE-68CA-4BDA-900E-FF69BA8947FA}.Release|Any CPU.Build.0 = Release|Any CPU
		{C1E57018-7D12-4F9A-A42C-0C8707D2CE57}.Debug|Any CPU.ActiveCfg = Debug|Any CPU
		{C1E57018-7D12-4F9A-A42C-0C8707D2CE57}.Debug|Any CPU.Build.0 = Debug|Any CPU
		{C1E57018-7D12-4F9A-A42C-0C8707D2CE57}.Release|Any CPU.ActiveCfg = Release|Any CPU
		{C1E57018-7D12-4F9A-A42C-0C8707D2CE57}.Release|Any CPU.Build.0 = Release|Any CPU
		{FFC7B2F9-1F75-4B2D-B6D5-9474EEE7FE65}.Debug|Any CPU.ActiveCfg = Debug|Any CPU
		{FFC7B2F9-1F75-4B2D-B6D5-9474EEE7FE65}.Debug|Any CPU.Build.0 = Debug|Any CPU
		{FFC7B2F9-1F75-4B2D-B6D5-9474EEE7FE65}.Release|Any CPU.ActiveCfg = Release|Any CPU
		{FFC7B2F9-1F75-4B2D-B6D5-9474EEE7FE65}.Release|Any CPU.Build.0 = Release|Any CPU
	EndGlobalSection
	GlobalSection(SolutionProperties) = preSolution
		HideSolutionNode = FALSE
	EndGlobalSection
	GlobalSection(ExtensibilityGlobals) = postSolution
		SolutionGuid = {D0FC484B-B8B6-44C5-B401-5D4465E39173}
	EndGlobalSection
EndGlobal
